
Microsoft Visual Studio Solution File, Format Version 12.00
# Visual Studio 2017
Project("{FAE04EC0-301F-11D3-BF4B-00C04F79EFBC}") = "testappridsplit", "testappridsplit.csproj", "{682AF9BB-70B0-4D5B-9057-8A27C5DDB66E}"
EndProject
Global
	GlobalSection(SolutionConfigurationPlatforms) = preSolution
		Debug|Any CPU = Debug|Any CPU
		Release|Any CPU = Release|Any CPU
	EndGlobalSection
	GlobalSection(ProjectConfigurationPlatforms) = postSolution
		{682AF9BB-70B0-4D5B-9057-8A27C5DDB66E}.Debug|Any CPU.ActiveCfg = Debug|Any CPU
		{682AF9BB-70B0-4D5B-9057-8A27C5DDB66E}.Debug|Any CPU.Build.0 = Debug|Any CPU
		{682AF9BB-70B0-4D5B-9057-8A27C5DDB66E}.Release|Any CPU.ActiveCfg = Release|Any CPU
		{682AF9BB-70B0-4D5B-9057-8A27C5DDB66E}.Release|Any CPU.Build.0 = Release|Any CPU
	EndGlobalSection
EndGlobal
